// !$*UTF8*$!
{
	archiveVersion = 1;
	classes = {
	};
	objectVersion = 55;
	objects = {

/* Begin PBXBuildFile section */
		5B2FF87427B7A7BA00BAF9F8 /* AppDelegate.swift in Sources */ = {isa = PBXBuildFile; fileRef = 5B2FF87327B7A7BA00BAF9F8 /* AppDelegate.swift */; };
		5B2FF87627B7A7BA00BAF9F8 /* SceneDelegate.swift in Sources */ = {isa = PBXBuildFile; fileRef = 5B2FF87527B7A7BA00BAF9F8 /* SceneDelegate.swift */; };
		5B2FF87B27B7A7BA00BAF9F8 /* Main.storyboard in Resources */ = {isa = PBXBuildFile; fileRef = 5B2FF87927B7A7BA00BAF9F8 /* Main.storyboard */; };
		5B2FF87D27B7A7BB00BAF9F8 /* Assets.xcassets in Resources */ = {isa = PBXBuildFile; fileRef = 5B2FF87C27B7A7BB00BAF9F8 /* Assets.xcassets */; };
		5B2FF88027B7A7BB00BAF9F8 /* LaunchScreen.storyboard in Resources */ = {isa = PBXBuildFile; fileRef = 5B2FF87E27B7A7BB00BAF9F8 /* LaunchScreen.storyboard */; };
		5B2FF88827B7A81A00BAF9F8 /* LoginViewController.swift in Sources */ = {isa = PBXBuildFile; fileRef = 5B2FF88727B7A81A00BAF9F8 /* LoginViewController.swift */; };
		5B2FF88D27B7C45100BAF9F8 /* AllCitiesController.swift in Sources */ = {isa = PBXBuildFile; fileRef = 5B2FF88C27B7C45100BAF9F8 /* AllCitiesController.swift */; };
		5B2FF88F27B7C46800BAF9F8 /* AllCitiesCell.swift in Sources */ = {isa = PBXBuildFile; fileRef = 5B2FF88E27B7C46800BAF9F8 /* AllCitiesCell.swift */; };
		5B2FF89227B7C71000BAF9F8 /* MyCitiesCell.swift in Sources */ = {isa = PBXBuildFile; fileRef = 5B2FF89127B7C71000BAF9F8 /* MyCitiesCell.swift */; };
		5B2FF89427B7C72100BAF9F8 /* MyCitiesController.swift in Sources */ = {isa = PBXBuildFile; fileRef = 5B2FF89327B7C72100BAF9F8 /* MyCitiesController.swift */; };
		5B2FF89727B7CB8100BAF9F8 /* WeatherViewController.swift in Sources */ = {isa = PBXBuildFile; fileRef = 5B2FF89627B7CB8100BAF9F8 /* WeatherViewController.swift */; };
		5B2FF89927B7CB9200BAF9F8 /* WeatherCell.swift in Sources */ = {isa = PBXBuildFile; fileRef = 5B2FF89827B7CB9200BAF9F8 /* WeatherCell.swift */; };
		5B2FF89B27B7E8E900BAF9F8 /* GradientView.swift in Sources */ = {isa = PBXBuildFile; fileRef = 5B2FF89A27B7E8E900BAF9F8 /* GradientView.swift */; };
		5B2FF89F27B7EBDE00BAF9F8 /* WeekDayPicker.swift in Sources */ = {isa = PBXBuildFile; fileRef = 5B2FF89E27B7EBDE00BAF9F8 /* WeekDayPicker.swift */; };
		5B2FF8A127B8043800BAF9F8 /* WeatherCollectionViewLayout.swift in Sources */ = {isa = PBXBuildFile; fileRef = 5B2FF8A027B8043800BAF9F8 /* WeatherCollectionViewLayout.swift */; };
/* End PBXBuildFile section */

/* Begin PBXFileReference section */
		5B2E938E27B822AA00545805 /* FollowAnimations.playground */ = {isa = PBXFileReference; lastKnownFileType = file.playground; path = FollowAnimations.playground; sourceTree = "<group>"; xcLanguageSpecificationIdentifier = xcode.lang.swift; };
		5B2E938F27B82EA400545805 /* FromDotToCrossAnimation.playground */ = {isa = PBXFileReference; lastKnownFileType = file.playground; path = FromDotToCrossAnimation.playground; sourceTree = "<group>"; xcLanguageSpecificationIdentifier = xcode.lang.swift; };
		5B2FF87027B7A7BA00BAF9F8 /* WeatherApp.app */ = {isa = PBXFileReference; explicitFileType = wrapper.application; includeInIndex = 0; path = WeatherApp.app; sourceTree = BUILT_PRODUCTS_DIR; };
		5B2FF87327B7A7BA00BAF9F8 /* AppDelegate.swift */ = {isa = PBXFileReference; lastKnownFileType = sourcecode.swift; path = AppDelegate.swift; sourceTree = "<group>"; };
		5B2FF87527B7A7BA00BAF9F8 /* SceneDelegate.swift */ = {isa = PBXFileReference; lastKnownFileType = sourcecode.swift; path = SceneDelegate.swift; sourceTree = "<group>"; };
		5B2FF87A27B7A7BA00BAF9F8 /* Base */ = {isa = PBXFileReference; lastKnownFileType = file.storyboard; name = Base; path = Base.lproj/Main.storyboard; sourceTree = "<group>"; };
		5B2FF87C27B7A7BB00BAF9F8 /* Assets.xcassets */ = {isa = PBXFileReference; lastKnownFileType = folder.assetcatalog; path = Assets.xcassets; sourceTree = "<group>"; };
		5B2FF87F27B7A7BB00BAF9F8 /* Base */ = {isa = PBXFileReference; lastKnownFileType = file.storyboard; name = Base; path = Base.lproj/LaunchScreen.storyboard; sourceTree = "<group>"; };
		5B2FF88127B7A7BB00BAF9F8 /* Info.plist */ = {isa = PBXFileReference; lastKnownFileType = text.plist.xml; path = Info.plist; sourceTree = "<group>"; };
		5B2FF88727B7A81A00BAF9F8 /* LoginViewController.swift */ = {isa = PBXFileReference; lastKnownFileType = sourcecode.swift; path = LoginViewController.swift; sourceTree = "<group>"; };
		5B2FF88C27B7C45100BAF9F8 /* AllCitiesController.swift */ = {isa = PBXFileReference; lastKnownFileType = sourcecode.swift; path = AllCitiesController.swift; sourceTree = "<group>"; };
		5B2FF88E27B7C46800BAF9F8 /* AllCitiesCell.swift */ = {isa = PBXFileReference; lastKnownFileType = sourcecode.swift; path = AllCitiesCell.swift; sourceTree = "<group>"; };
		5B2FF89127B7C71000BAF9F8 /* MyCitiesCell.swift */ = {isa = PBXFileReference; lastKnownFileType = sourcecode.swift; path = MyCitiesCell.swift; sourceTree = "<group>"; };
		5B2FF89327B7C72100BAF9F8 /* MyCitiesController.swift */ = {isa = PBXFileReference; lastKnownFileType = sourcecode.swift; path = MyCitiesController.swift; sourceTree = "<group>"; };
		5B2FF89627B7CB8100BAF9F8 /* WeatherViewController.swift */ = {isa = PBXFileReference; lastKnownFileType = sourcecode.swift; path = WeatherViewController.swift; sourceTree = "<group>"; };
		5B2FF89827B7CB9200BAF9F8 /* WeatherCell.swift */ = {isa = PBXFileReference; lastKnownFileType = sourcecode.swift; path = WeatherCell.swift; sourceTree = "<group>"; };
		5B2FF89A27B7E8E900BAF9F8 /* GradientView.swift */ = {isa = PBXFileReference; lastKnownFileType = sourcecode.swift; path = GradientView.swift; sourceTree = "<group>"; };
		5B2FF89E27B7EBDE00BAF9F8 /* WeekDayPicker.swift */ = {isa = PBXFileReference; lastKnownFileType = sourcecode.swift; path = WeekDayPicker.swift; sourceTree = "<group>"; };
		5B2FF8A027B8043800BAF9F8 /* WeatherCollectionViewLayout.swift */ = {isa = PBXFileReference; lastKnownFileType = sourcecode.swift; path = WeatherCollectionViewLayout.swift; sourceTree = "<group>"; };
/* End PBXFileReference section */

/* Begin PBXFrameworksBuildPhase section */
		5B2FF86D27B7A7BA00BAF9F8 /* Frameworks */ = {
			isa = PBXFrameworksBuildPhase;
			buildActionMask = 2147483647;
			files = (
			);
			runOnlyForDeploymentPostprocessing = 0;
		};
/* End PBXFrameworksBuildPhase section */

/* Begin PBXGroup section */
		5B2FF86727B7A7BA00BAF9F8 = {
			isa = PBXGroup;
			children = (
				5B2FF87227B7A7BA00BAF9F8 /* WeatherApp */,
				5B2FF87127B7A7BA00BAF9F8 /* Products */,
			);
			sourceTree = "<group>";
		};
		5B2FF87127B7A7BA00BAF9F8 /* Products */ = {
			isa = PBXGroup;
			children = (
				5B2FF87027B7A7BA00BAF9F8 /* WeatherApp.app */,
			);
			name = Products;
			sourceTree = "<group>";
		};
		5B2FF87227B7A7BA00BAF9F8 /* WeatherApp */ = {
			isa = PBXGroup;
			children = (
				5B2FF87327B7A7BA00BAF9F8 /* AppDelegate.swift */,
				5B2FF87527B7A7BA00BAF9F8 /* SceneDelegate.swift */,
				5B2FF87927B7A7BA00BAF9F8 /* Main.storyboard */,
				5B2FF89C27B7E8EE00BAF9F8 /* View */,
				5B2FF88A27B7A82700BAF9F8 /* Controller */,
				5B2FF87C27B7A7BB00BAF9F8 /* Assets.xcassets */,
				5B2FF87E27B7A7BB00BAF9F8 /* LaunchScreen.storyboard */,
				5B2FF88127B7A7BB00BAF9F8 /* Info.plist */,
				5B2E938E27B822AA00545805 /* FollowAnimations.playground */,
				5B2E938F27B82EA400545805 /* FromDotToCrossAnimation.playground */,
			);
			path = WeatherApp;
			sourceTree = "<group>";
		};
		5B2FF88927B7A82200BAF9F8 /* LoginViewController */ = {
			isa = PBXGroup;
			children = (
				5B2FF88727B7A81A00BAF9F8 /* LoginViewController.swift */,
			);
			path = LoginViewController;
			sourceTree = "<group>";
		};
		5B2FF88A27B7A82700BAF9F8 /* Controller */ = {
			isa = PBXGroup;
			children = (
				5B2FF89527B7CB6900BAF9F8 /* Weather */,
				5B2FF89027B7C6F500BAF9F8 /* MyCities */,
				5B2FF88B27B7C42E00BAF9F8 /* AllCities */,
				5B2FF88927B7A82200BAF9F8 /* LoginViewController */,
			);
			path = Controller;
			sourceTree = "<group>";
		};
		5B2FF88B27B7C42E00BAF9F8 /* AllCities */ = {
			isa = PBXGroup;
			children = (
				5B2FF88C27B7C45100BAF9F8 /* AllCitiesController.swift */,
				5B2FF88E27B7C46800BAF9F8 /* AllCitiesCell.swift */,
			);
			path = AllCities;
			sourceTree = "<group>";
		};
		5B2FF89027B7C6F500BAF9F8 /* MyCities */ = {
			isa = PBXGroup;
			children = (
				5B2FF89327B7C72100BAF9F8 /* MyCitiesController.swift */,
				5B2FF89127B7C71000BAF9F8 /* MyCitiesCell.swift */,
			);
			path = MyCities;
			sourceTree = "<group>";
		};
		5B2FF89527B7CB6900BAF9F8 /* Weather */ = {
			isa = PBXGroup;
			children = (
				5B2FF89627B7CB8100BAF9F8 /* WeatherViewController.swift */,
				5B2FF89827B7CB9200BAF9F8 /* WeatherCell.swift */,
				5B2FF8A027B8043800BAF9F8 /* WeatherCollectionViewLayout.swift */,
			);
			path = Weather;
			sourceTree = "<group>";
		};
		5B2FF89C27B7E8EE00BAF9F8 /* View */ = {
			isa = PBXGroup;
			children = (
				5B2FF89D27B7EBB300BAF9F8 /* CustomUIComponents */,
			);
			path = View;
			sourceTree = "<group>";
		};
		5B2FF89D27B7EBB300BAF9F8 /* CustomUIComponents */ = {
			isa = PBXGroup;
			children = (
				5B2FF89A27B7E8E900BAF9F8 /* GradientView.swift */,
				5B2FF89E27B7EBDE00BAF9F8 /* WeekDayPicker.swift */,
			);
			path = CustomUIComponents;
			sourceTree = "<group>";
		};
/* End PBXGroup section */

/* Begin PBXNativeTarget section */
		5B2FF86F27B7A7BA00BAF9F8 /* WeatherApp */ = {
			isa = PBXNativeTarget;
			buildConfigurationList = 5B2FF88427B7A7BB00BAF9F8 /* Build configuration list for PBXNativeTarget "WeatherApp" */;
			buildPhases = (
				5B2FF86C27B7A7BA00BAF9F8 /* Sources */,
				5B2FF86D27B7A7BA00BAF9F8 /* Frameworks */,
				5B2FF86E27B7A7BA00BAF9F8 /* Resources */,
			);
			buildRules = (
			);
			dependencies = (
			);
			name = WeatherApp;
			productName = WeatherApp;
			productReference = 5B2FF87027B7A7BA00BAF9F8 /* WeatherApp.app */;
			productType = "com.apple.product-type.application";
		};
/* End PBXNativeTarget section */

/* Begin PBXProject section */
		5B2FF86827B7A7BA00BAF9F8 /* Project object */ = {
			isa = PBXProject;
			attributes = {
				BuildIndependentTargetsInParallel = 1;
				LastSwiftUpdateCheck = 1320;
				LastUpgradeCheck = 1320;
				TargetAttributes = {
					5B2FF86F27B7A7BA00BAF9F8 = {
						CreatedOnToolsVersion = 13.2.1;
					};
				};
			};
			buildConfigurationList = 5B2FF86B27B7A7BA00BAF9F8 /* Build configuration list for PBXProject "WeatherApp" */;
			compatibilityVersion = "Xcode 13.0";
			developmentRegion = en;
			hasScannedForEncodings = 0;
			knownRegions = (
				en,
				Base,
			);
			mainGroup = 5B2FF86727B7A7BA00BAF9F8;
			productRefGroup = 5B2FF87127B7A7BA00BAF9F8 /* Products */;
			projectDirPath = "";
			projectRoot = "";
			targets = (
				5B2FF86F27B7A7BA00BAF9F8 /* WeatherApp */,
			);
		};
/* End PBXProject section */

/* Begin PBXResourcesBuildPhase section */
		5B2FF86E27B7A7BA00BAF9F8 /* Resources */ = {
			isa = PBXResourcesBuildPhase;
			buildActionMask = 2147483647;
			files = (
				5B2FF88027B7A7BB00BAF9F8 /* LaunchScreen.storyboard in Resources */,
				5B2FF87D27B7A7BB00BAF9F8 /* Assets.xcassets in Resources */,
				5B2FF87B27B7A7BA00BAF9F8 /* Main.storyboard in Resources */,
			);
			runOnlyForDeploymentPostprocessing = 0;
		};
/* End PBXResourcesBuildPhase section */

/* Begin PBXSourcesBuildPhase section */
		5B2FF86C27B7A7BA00BAF9F8 /* Sources */ = {
			isa = PBXSourcesBuildPhase;
			buildActionMask = 2147483647;
			files = (
				5B2FF89227B7C71000BAF9F8 /* MyCitiesCell.swift in Sources */,
				5B2FF89427B7C72100BAF9F8 /* MyCitiesController.swift in Sources */,
				5B2FF89B27B7E8E900BAF9F8 /* GradientView.swift in Sources */,
				5B2FF8A127B8043800BAF9F8 /* WeatherCollectionViewLayout.swift in Sources */,
				5B2FF89F27B7EBDE00BAF9F8 /* WeekDayPicker.swift in Sources */,
				5B2FF89927B7CB9200BAF9F8 /* WeatherCell.swift in Sources */,
				5B2FF88827B7A81A00BAF9F8 /* LoginViewController.swift in Sources */,
				5B2FF87427B7A7BA00BAF9F8 /* AppDelegate.swift in Sources */,
				5B2FF88D27B7C45100BAF9F8 /* AllCitiesController.swift in Sources */,
				5B2FF89727B7CB8100BAF9F8 /* WeatherViewController.swift in Sources */,
				5B2FF88F27B7C46800BAF9F8 /* AllCitiesCell.swift in Sources */,
				5B2FF87627B7A7BA00BAF9F8 /* SceneDelegate.swift in Sources */,
			);
			runOnlyForDeploymentPostprocessing = 0;
		};
/* End PBXSourcesBuildPhase section */

/* Begin PBXVariantGroup section */
		5B2FF87927B7A7BA00BAF9F8 /* Main.storyboard */ = {
			isa = PBXVariantGroup;
			children = (
				5B2FF87A27B7A7BA00BAF9F8 /* Base */,
			);
			name = Main.storyboard;
			sourceTree = "<group>";
		};
		5B2FF87E27B7A7BB00BAF9F8 /* LaunchScreen.storyboard */ = {
			isa = PBXVariantGroup;
			children = (
				5B2FF87F27B7A7BB00BAF9F8 /* Base */,
			);
			name = LaunchScreen.storyboard;
			sourceTree = "<group>";
		};
/* End PBXVariantGroup section */

/* Begin XCBuildConfiguration section */
		5B2FF88227B7A7BB00BAF9F8 /* Debug */ = {
			isa = XCBuildConfiguration;
			buildSettings = {
				ALWAYS_SEARCH_USER_PATHS = NO;
				CLANG_ANALYZER_NONNULL = YES;
				CLANG_ANALYZER_NUMBER_OBJECT_CONVERSION = YES_AGGRESSIVE;
				CLANG_CXX_LANGUAGE_STANDARD = "gnu++17";
				CLANG_CXX_LIBRARY = "libc++";
				CLANG_ENABLE_MODULES = YES;
				CLANG_ENABLE_OBJC_ARC = YES;
				CLANG_ENABLE_OBJC_WEAK = YES;
				CLANG_WARN_BLOCK_CAPTURE_AUTORELEASING = YES;
				CLANG_WARN_BOOL_CONVERSION = YES;
				CLANG_WARN_COMMA = YES;
				CLANG_WARN_CONSTANT_CONVERSION = YES;
				CLANG_WARN_DEPRECATED_OBJC_IMPLEMENTATIONS = YES;
				CLANG_WARN_DIRECT_OBJC_ISA_USAGE = YES_ERROR;
				CLANG_WARN_DOCUMENTATION_COMMENTS = YES;
				CLANG_WARN_EMPTY_BODY = YES;
				CLANG_WARN_ENUM_CONVERSION = YES;
				CLANG_WARN_INFINITE_RECURSION = YES;
				CLANG_WARN_INT_CONVERSION = YES;
				CLANG_WARN_NON_LITERAL_NULL_CONVERSION = YES;
				CLANG_WARN_OBJC_IMPLICIT_RETAIN_SELF = YES;
				CLANG_WARN_OBJC_LITERAL_CONVERSION = YES;
				CLANG_WARN_OBJC_ROOT_CLASS = YES_ERROR;
				CLANG_WARN_QUOTED_INCLUDE_IN_FRAMEWORK_HEADER = YES;
				CLANG_WARN_RANGE_LOOP_ANALYSIS = YES;
				CLANG_WARN_STRICT_PROTOTYPES = YES;
				CLANG_WARN_SUSPICIOUS_MOVE = YES;
				CLANG_WARN_UNGUARDED_AVAILABILITY = YES_AGGRESSIVE;
				CLANG_WARN_UNREACHABLE_CODE = YES;
				CLANG_WARN__DUPLICATE_METHOD_MATCH = YES;
				COPY_PHASE_STRIP = NO;
				DEBUG_INFORMATION_FORMAT = dwarf;
				ENABLE_STRICT_OBJC_MSGSEND = YES;
				ENABLE_TESTABILITY = YES;
				GCC_C_LANGUAGE_STANDARD = gnu11;
				GCC_DYNAMIC_NO_PIC = NO;
				GCC_NO_COMMON_BLOCKS = YES;
				GCC_OPTIMIZATION_LEVEL = 0;
				GCC_PREPROCESSOR_DEFINITIONS = (
					"DEBUG=1",
					"$(inherited)",
				);
				GCC_WARN_64_TO_32_BIT_CONVERSION = YES;
				GCC_WARN_ABOUT_RETURN_TYPE = YES_ERROR;
				GCC_WARN_UNDECLARED_SELECTOR = YES;
				GCC_WARN_UNINITIALIZED_AUTOS = YES_AGGRESSIVE;
				GCC_WARN_UNUSED_FUNCTION = YES;
				GCC_WARN_UNUSED_VARIABLE = YES;
				IPHONEOS_DEPLOYMENT_TARGET = 15.2;
				MTL_ENABLE_DEBUG_INFO = INCLUDE_SOURCE;
				MTL_FAST_MATH = YES;
				ONLY_ACTIVE_ARCH = YES;
				SDKROOT = iphoneos;
				SWIFT_ACTIVE_COMPILATION_CONDITIONS = DEBUG;
				SWIFT_OPTIMIZATION_LEVEL = "-Onone";
			};
			name = Debug;
		};
		5B2FF88327B7A7BB00BAF9F8 /* Release */ = {
			isa = XCBuildConfiguration;
			buildSettings = {
				ALWAYS_SEARCH_USER_PATHS = NO;
				CLANG_ANALYZER_NONNULL = YES;
				CLANG_ANALYZER_NUMBER_OBJECT_CONVERSION = YES_AGGRESSIVE;
				CLANG_CXX_LANGUAGE_STANDARD = "gnu++17";
				CLANG_CXX_LIBRARY = "libc++";
				CLANG_ENABLE_MODULES = YES;
				CLANG_ENABLE_OBJC_ARC = YES;
				CLANG_ENABLE_OBJC_WEAK = YES;
				CLANG_WARN_BLOCK_CAPTURE_AUTORELEASING = YES;
				CLANG_WARN_BOOL_CONVERSION = YES;
				CLANG_WARN_COMMA = YES;
				CLANG_WARN_CONSTANT_CONVERSION = YES;
				CLANG_WARN_DEPRECATED_OBJC_IMPLEMENTATIONS = YES;
				CLANG_WARN_DIRECT_OBJC_ISA_USAGE = YES_ERROR;
				CLANG_WARN_DOCUMENTATION_COMMENTS = YES;
				CLANG_WARN_EMPTY_BODY = YES;
				CLANG_WARN_ENUM_CONVERSION = YES;
				CLANG_WARN_INFINITE_RECURSION = YES;
				CLANG_WARN_INT_CONVERSION = YES;
				CLANG_WARN_NON_LITERAL_NULL_CONVERSION = YES;
				CLANG_WARN_OBJC_IMPLICIT_RETAIN_SELF = YES;
				CLANG_WARN_OBJC_LITERAL_CONVERSION = YES;
				CLANG_WARN_OBJC_ROOT_CLASS = YES_ERROR;
				CLANG_WARN_QUOTED_INCLUDE_IN_FRAMEWORK_HEADER = YES;
				CLANG_WARN_RANGE_LOOP_ANALYSIS = YES;
				CLANG_WARN_STRICT_PROTOTYPES = YES;
				CLANG_WARN_SUSPICIOUS_MOVE = YES;
				CLANG_WARN_UNGUARDED_AVAILABILITY = YES_AGGRESSIVE;
				CLANG_WARN_UNREACHABLE_CODE = YES;
				CLANG_WARN__DUPLICATE_METHOD_MATCH = YES;
				COPY_PHASE_STRIP = NO;
				DEBUG_INFORMATION_FORMAT = "dwarf-with-dsym";
				ENABLE_NS_ASSERTIONS = NO;
				ENABLE_STRICT_OBJC_MSGSEND = YES;
				GCC_C_LANGUAGE_STANDARD = gnu11;
				GCC_NO_COMMON_BLOCKS = YES;
				GCC_WARN_64_TO_32_BIT_CONVERSION = YES;
				GCC_WARN_ABOUT_RETURN_TYPE = YES_ERROR;
				GCC_WARN_UNDECLARED_SELECTOR = YES;
				GCC_WARN_UNINITIALIZED_AUTOS = YES_AGGRESSIVE;
				GCC_WARN_UNUSED_FUNCTION = YES;
				GCC_WARN_UNUSED_VARIABLE = YES;
				IPHONEOS_DEPLOYMENT_TARGET = 15.2;
				MTL_ENABLE_DEBUG_INFO = NO;
				MTL_FAST_MATH = YES;
				SDKROOT = iphoneos;
				SWIFT_COMPILATION_MODE = wholemodule;
				SWIFT_OPTIMIZATION_LEVEL = "-O";
				VALIDATE_PRODUCT = YES;
			};
			name = Release;
		};
		5B2FF88527B7A7BB00BAF9F8 /* Debug */ = {
			isa = XCBuildConfiguration;
			buildSettings = {
				ASSETCATALOG_COMPILER_APPICON_NAME = AppIcon;
				ASSETCATALOG_COMPILER_GLOBAL_ACCENT_COLOR_NAME = AccentColor;
				CODE_SIGN_STYLE = Automatic;
				CURRENT_PROJECT_VERSION = 1;
				DEVELOPMENT_TEAM = GTWUX2NLLN;
				GENERATE_INFOPLIST_FILE = YES;
				INFOPLIST_FILE = WeatherApp/Info.plist;
				INFOPLIST_KEY_UIApplicationSupportsIndirectInputEvents = YES;
				INFOPLIST_KEY_UILaunchStoryboardName = LaunchScreen;
				INFOPLIST_KEY_UIMainStoryboardFile = Main;
				INFOPLIST_KEY_UISupportedInterfaceOrientations_iPad = "UIInterfaceOrientationPortrait UIInterfaceOrientationPortraitUpsideDown UIInterfaceOrientationLandscapeLeft UIInterfaceOrientationLandscapeRight";
				INFOPLIST_KEY_UISupportedInterfaceOrientations_iPhone = "UIInterfaceOrientationPortrait UIInterfaceOrientationLandscapeLeft UIInterfaceOrientationLandscapeRight";
				LD_RUNPATH_SEARCH_PATHS = (
					"$(inherited)",
					"@executable_path/Frameworks",
				);
				MARKETING_VERSION = 1.0;
				PRODUCT_BUNDLE_IDENTIFIER = com.angolov.WeatherApp;
				PRODUCT_NAME = "$(TARGET_NAME)";
				SWIFT_EMIT_LOC_STRINGS = YES;
				SWIFT_VERSION = 5.0;
				TARGETED_DEVICE_FAMILY = "1,2";
			};
			name = Debug;
		};
		5B2FF88627B7A7BB00BAF9F8 /* Release */ = {
			isa = XCBuildConfiguration;
			buildSettings = {
				ASSETCATALOG_COMPILER_APPICON_NAME = AppIcon;
				ASSETCATALOG_COMPILER_GLOBAL_ACCENT_COLOR_NAME = AccentColor;
				CODE_SIGN_STYLE = Automatic;
				CURRENT_PROJECT_VERSION = 1;
				DEVELOPMENT_TEAM = GTWUX2NLLN;
				GENERATE_INFOPLIST_FILE = YES;
				INFOPLIST_FILE = WeatherApp/Info.plist;
				INFOPLIST_KEY_UIApplicationSupportsIndirectInputEvents = YES;
				INFOPLIST_KEY_UILaunchStoryboardName = LaunchScreen;
				INFOPLIST_KEY_UIMainStoryboardFile = Main;
				INFOPLIST_KEY_UISupportedInterfaceOrientations_iPad = "UIInterfaceOrientationPortrait UIInterfaceOrientationPortraitUpsideDown UIInterfaceOrientationLandscapeLeft UIInterfaceOrientationLandscapeRight";
				INFOPLIST_KEY_UISupportedInterfaceOrientations_iPhone = "UIInterfaceOrientationPortrait UIInterfaceOrientationLandscapeLeft UIInterfaceOrientationLandscapeRight";
				LD_RUNPATH_SEARCH_PATHS = (
					"$(inherited)",
					"@executable_path/Frameworks",
				);
				MARKETING_VERSION = 1.0;
				PRODUCT_BUNDLE_IDENTIFIER = com.angolov.WeatherApp;
				PRODUCT_NAME = "$(TARGET_NAME)";
				SWIFT_EMIT_LOC_STRINGS = YES;
				SWIFT_VERSION = 5.0;
				TARGETED_DEVICE_FAMILY = "1,2";
			};
			name = Release;
		};
/* End XCBuildConfiguration section */

/* Begin XCConfigurationList section */
		5B2FF86B27B7A7BA00BAF9F8 /* Build configuration list for PBXProject "WeatherApp" */ = {
			isa = XCConfigurationList;
			buildConfigurations = (
				5B2FF88227B7A7BB00BAF9F8 /* Debug */,
				5B2FF88327B7A7BB00BAF9F8 /* Release */,
			);
			defaultConfigurationIsVisible = 0;
			defaultConfigurationName = Release;
		};
		5B2FF88427B7A7BB00BAF9F8 /* Build configuration list for PBXNativeTarget "WeatherApp" */ = {
			isa = XCConfigurationList;
			buildConfigurations = (
				5B2FF88527B7A7BB00BAF9F8 /* Debug */,
				5B2FF88627B7A7BB00BAF9F8 /* Release */,
			);
			defaultConfigurationIsVisible = 0;
			defaultConfigurationName = Release;
		};
/* End XCConfigurationList section */
	};
	rootObject = 5B2FF86827B7A7BA00BAF9F8 /* Project object */;
}
