// !$*UTF8*$!
{
	archiveVersion = 1;
	classes = {
	};
	objectVersion = 55;
	objects = {

/* Begin PBXBuildFile section */
		5B6186F727A6EA14007E8B22 /* AppDelegate.swift in Sources */ = {isa = PBXBuildFile; fileRef = 5B6186F627A6EA14007E8B22 /* AppDelegate.swift */; };
		5B6186F927A6EA14007E8B22 /* SceneDelegate.swift in Sources */ = {isa = PBXBuildFile; fileRef = 5B6186F827A6EA14007E8B22 /* SceneDelegate.swift */; };
		5B6186FE27A6EA14007E8B22 /* Main.storyboard in Resources */ = {isa = PBXBuildFile; fileRef = 5B6186FC27A6EA14007E8B22 /* Main.storyboard */; };
		5B61870027A6EA15007E8B22 /* Assets.xcassets in Resources */ = {isa = PBXBuildFile; fileRef = 5B6186FF27A6EA15007E8B22 /* Assets.xcassets */; };
		5B61870327A6EA15007E8B22 /* LaunchScreen.storyboard in Resources */ = {isa = PBXBuildFile; fileRef = 5B61870127A6EA15007E8B22 /* LaunchScreen.storyboard */; };
		5B61870E27A6EABF007E8B22 /* Product.swift in Sources */ = {isa = PBXBuildFile; fileRef = 5B61870D27A6EABF007E8B22 /* Product.swift */; };
		5B61871027A6EAD2007E8B22 /* ProductView.swift in Sources */ = {isa = PBXBuildFile; fileRef = 5B61870F27A6EAD2007E8B22 /* ProductView.swift */; };
		5B61871227A6EAE2007E8B22 /* ProductView.xib in Resources */ = {isa = PBXBuildFile; fileRef = 5B61871127A6EAE2007E8B22 /* ProductView.xib */; };
		5B61871827A6EB6F007E8B22 /* ProductListViewController.swift in Sources */ = {isa = PBXBuildFile; fileRef = 5B61871727A6EB6F007E8B22 /* ProductListViewController.swift */; };
		5B61871A27A6EB7D007E8B22 /* ProductViewController.swift in Sources */ = {isa = PBXBuildFile; fileRef = 5B61871927A6EB7D007E8B22 /* ProductViewController.swift */; };
		5B61871C27A6EB8B007E8B22 /* OrderFromController.swift in Sources */ = {isa = PBXBuildFile; fileRef = 5B61871B27A6EB8B007E8B22 /* OrderFromController.swift */; };
		5B61871E27A6EEC5007E8B22 /* Constants.swift in Sources */ = {isa = PBXBuildFile; fileRef = 5B61871D27A6EEC5007E8B22 /* Constants.swift */; };
/* End PBXBuildFile section */

/* Begin PBXFileReference section */
		5B6186F327A6EA14007E8B22 /* TSD_lesson7.app */ = {isa = PBXFileReference; explicitFileType = wrapper.application; includeInIndex = 0; path = TSD_lesson7.app; sourceTree = BUILT_PRODUCTS_DIR; };
		5B6186F627A6EA14007E8B22 /* AppDelegate.swift */ = {isa = PBXFileReference; lastKnownFileType = sourcecode.swift; path = AppDelegate.swift; sourceTree = "<group>"; };
		5B6186F827A6EA14007E8B22 /* SceneDelegate.swift */ = {isa = PBXFileReference; lastKnownFileType = sourcecode.swift; path = SceneDelegate.swift; sourceTree = "<group>"; };
		5B6186FD27A6EA14007E8B22 /* Base */ = {isa = PBXFileReference; lastKnownFileType = file.storyboard; name = Base; path = Base.lproj/Main.storyboard; sourceTree = "<group>"; };
		5B6186FF27A6EA15007E8B22 /* Assets.xcassets */ = {isa = PBXFileReference; lastKnownFileType = folder.assetcatalog; path = Assets.xcassets; sourceTree = "<group>"; };
		5B61870227A6EA15007E8B22 /* Base */ = {isa = PBXFileReference; lastKnownFileType = file.storyboard; name = Base; path = Base.lproj/LaunchScreen.storyboard; sourceTree = "<group>"; };
		5B61870427A6EA15007E8B22 /* Info.plist */ = {isa = PBXFileReference; lastKnownFileType = text.plist.xml; path = Info.plist; sourceTree = "<group>"; };
		5B61870D27A6EABF007E8B22 /* Product.swift */ = {isa = PBXFileReference; lastKnownFileType = sourcecode.swift; path = Product.swift; sourceTree = "<group>"; };
		5B61870F27A6EAD2007E8B22 /* ProductView.swift */ = {isa = PBXFileReference; lastKnownFileType = sourcecode.swift; path = ProductView.swift; sourceTree = "<group>"; };
		5B61871127A6EAE2007E8B22 /* ProductView.xib */ = {isa = PBXFileReference; lastKnownFileType = file.xib; path = ProductView.xib; sourceTree = "<group>"; };
		5B61871727A6EB6F007E8B22 /* ProductListViewController.swift */ = {isa = PBXFileReference; lastKnownFileType = sourcecode.swift; path = ProductListViewController.swift; sourceTree = "<group>"; };
		5B61871927A6EB7D007E8B22 /* ProductViewController.swift */ = {isa = PBXFileReference; lastKnownFileType = sourcecode.swift; path = ProductViewController.swift; sourceTree = "<group>"; };
		5B61871B27A6EB8B007E8B22 /* OrderFromController.swift */ = {isa = PBXFileReference; lastKnownFileType = sourcecode.swift; path = OrderFromController.swift; sourceTree = "<group>"; };
		5B61871D27A6EEC5007E8B22 /* Constants.swift */ = {isa = PBXFileReference; lastKnownFileType = sourcecode.swift; path = Constants.swift; sourceTree = "<group>"; };
/* End PBXFileReference section */

/* Begin PBXFrameworksBuildPhase section */
		5B6186F027A6EA14007E8B22 /* Frameworks */ = {
			isa = PBXFrameworksBuildPhase;
			buildActionMask = 2147483647;
			files = (
			);
			runOnlyForDeploymentPostprocessing = 0;
		};
/* End PBXFrameworksBuildPhase section */

/* Begin PBXGroup section */
		5B6186EA27A6EA14007E8B22 = {
			isa = PBXGroup;
			children = (
				5B6186F527A6EA14007E8B22 /* TSD_lesson7 */,
				5B6186F427A6EA14007E8B22 /* Products */,
			);
			sourceTree = "<group>";
		};
		5B6186F427A6EA14007E8B22 /* Products */ = {
			isa = PBXGroup;
			children = (
				5B6186F327A6EA14007E8B22 /* TSD_lesson7.app */,
			);
			name = Products;
			sourceTree = "<group>";
		};
		5B6186F527A6EA14007E8B22 /* TSD_lesson7 */ = {
			isa = PBXGroup;
			children = (
				5B6186F627A6EA14007E8B22 /* AppDelegate.swift */,
				5B6186F827A6EA14007E8B22 /* SceneDelegate.swift */,
				5B61871D27A6EEC5007E8B22 /* Constants.swift */,
				5B61870A27A6EA86007E8B22 /* Model */,
				5B61870B27A6EA8F007E8B22 /* View */,
				5B61870C27A6EA97007E8B22 /* ViewControllers */,
				5B6186FC27A6EA14007E8B22 /* Main.storyboard */,
				5B6186FF27A6EA15007E8B22 /* Assets.xcassets */,
				5B61870127A6EA15007E8B22 /* LaunchScreen.storyboard */,
				5B61870427A6EA15007E8B22 /* Info.plist */,
			);
			path = TSD_lesson7;
			sourceTree = "<group>";
		};
		5B61870A27A6EA86007E8B22 /* Model */ = {
			isa = PBXGroup;
			children = (
				5B61870D27A6EABF007E8B22 /* Product.swift */,
			);
			path = Model;
			sourceTree = "<group>";
		};
		5B61870B27A6EA8F007E8B22 /* View */ = {
			isa = PBXGroup;
			children = (
				5B61871327A6EB14007E8B22 /* ProductView */,
			);
			path = View;
			sourceTree = "<group>";
		};
		5B61870C27A6EA97007E8B22 /* ViewControllers */ = {
			isa = PBXGroup;
			children = (
				5B61871427A6EB22007E8B22 /* ProductListViewController */,
				5B61871527A6EB3A007E8B22 /* ProductViewController */,
				5B61871627A6EB49007E8B22 /* OrderFromController */,
			);
			path = ViewControllers;
			sourceTree = "<group>";
		};
		5B61871327A6EB14007E8B22 /* ProductView */ = {
			isa = PBXGroup;
			children = (
				5B61870F27A6EAD2007E8B22 /* ProductView.swift */,
				5B61871127A6EAE2007E8B22 /* ProductView.xib */,
			);
			name = ProductView;
			sourceTree = "<group>";
		};
		5B61871427A6EB22007E8B22 /* ProductListViewController */ = {
			isa = PBXGroup;
			children = (
				5B61871727A6EB6F007E8B22 /* ProductListViewController.swift */,
			);
			path = ProductListViewController;
			sourceTree = "<group>";
		};
		5B61871527A6EB3A007E8B22 /* ProductViewController */ = {
			isa = PBXGroup;
			children = (
				5B61871927A6EB7D007E8B22 /* ProductViewController.swift */,
			);
			path = ProductViewController;
			sourceTree = "<group>";
		};
		5B61871627A6EB49007E8B22 /* OrderFromController */ = {
			isa = PBXGroup;
			children = (
				5B61871B27A6EB8B007E8B22 /* OrderFromController.swift */,
			);
			path = OrderFromController;
			sourceTree = "<group>";
		};
/* End PBXGroup section */

/* Begin PBXNativeTarget section */
		5B6186F227A6EA14007E8B22 /* TSD_lesson7 */ = {
			isa = PBXNativeTarget;
			buildConfigurationList = 5B61870727A6EA15007E8B22 /* Build configuration list for PBXNativeTarget "TSD_lesson7" */;
			buildPhases = (
				5B6186EF27A6EA14007E8B22 /* Sources */,
				5B6186F027A6EA14007E8B22 /* Frameworks */,
				5B6186F127A6EA14007E8B22 /* Resources */,
			);
			buildRules = (
			);
			dependencies = (
			);
			name = TSD_lesson7;
			productName = TSD_lesson7;
			productReference = 5B6186F327A6EA14007E8B22 /* TSD_lesson7.app */;
			productType = "com.apple.product-type.application";
		};
/* End PBXNativeTarget section */

/* Begin PBXProject section */
		5B6186EB27A6EA14007E8B22 /* Project object */ = {
			isa = PBXProject;
			attributes = {
				BuildIndependentTargetsInParallel = 1;
				LastSwiftUpdateCheck = 1320;
				LastUpgradeCheck = 1320;
				TargetAttributes = {
					5B6186F227A6EA14007E8B22 = {
						CreatedOnToolsVersion = 13.2.1;
					};
				};
			};
			buildConfigurationList = 5B6186EE27A6EA14007E8B22 /* Build configuration list for PBXProject "TSD_lesson7" */;
			compatibilityVersion = "Xcode 13.0";
			developmentRegion = en;
			hasScannedForEncodings = 0;
			knownRegions = (
				en,
				Base,
			);
			mainGroup = 5B6186EA27A6EA14007E8B22;
			productRefGroup = 5B6186F427A6EA14007E8B22 /* Products */;
			projectDirPath = "";
			projectRoot = "";
			targets = (
				5B6186F227A6EA14007E8B22 /* TSD_lesson7 */,
			);
		};
/* End PBXProject section */

/* Begin PBXResourcesBuildPhase section */
		5B6186F127A6EA14007E8B22 /* Resources */ = {
			isa = PBXResourcesBuildPhase;
			buildActionMask = 2147483647;
			files = (
				5B61871227A6EAE2007E8B22 /* ProductView.xib in Resources */,
				5B61870327A6EA15007E8B22 /* LaunchScreen.storyboard in Resources */,
				5B61870027A6EA15007E8B22 /* Assets.xcassets in Resources */,
				5B6186FE27A6EA14007E8B22 /* Main.storyboard in Resources */,
			);
			runOnlyForDeploymentPostprocessing = 0;
		};
/* End PBXResourcesBuildPhase section */

/* Begin PBXSourcesBuildPhase section */
		5B6186EF27A6EA14007E8B22 /* Sources */ = {
			isa = PBXSourcesBuildPhase;
			buildActionMask = 2147483647;
			files = (
				5B61871A27A6EB7D007E8B22 /* ProductViewController.swift in Sources */,
				5B61871027A6EAD2007E8B22 /* ProductView.swift in Sources */,
				5B6186F727A6EA14007E8B22 /* AppDelegate.swift in Sources */,
				5B61871827A6EB6F007E8B22 /* ProductListViewController.swift in Sources */,
				5B6186F927A6EA14007E8B22 /* SceneDelegate.swift in Sources */,
				5B61870E27A6EABF007E8B22 /* Product.swift in Sources */,
				5B61871C27A6EB8B007E8B22 /* OrderFromController.swift in Sources */,
				5B61871E27A6EEC5007E8B22 /* Constants.swift in Sources */,
			);
			runOnlyForDeploymentPostprocessing = 0;
		};
/* End PBXSourcesBuildPhase section */

/* Begin PBXVariantGroup section */
		5B6186FC27A6EA14007E8B22 /* Main.storyboard */ = {
			isa = PBXVariantGroup;
			children = (
				5B6186FD27A6EA14007E8B22 /* Base */,
			);
			name = Main.storyboard;
			sourceTree = "<group>";
		};
		5B61870127A6EA15007E8B22 /* LaunchScreen.storyboard */ = {
			isa = PBXVariantGroup;
			children = (
				5B61870227A6EA15007E8B22 /* Base */,
			);
			name = LaunchScreen.storyboard;
			sourceTree = "<group>";
		};
/* End PBXVariantGroup section */

/* Begin XCBuildConfiguration section */
		5B61870527A6EA15007E8B22 /* Debug */ = {
			isa = XCBuildConfiguration;
			buildSettings = {
				ALWAYS_SEARCH_USER_PATHS = NO;
				CLANG_ANALYZER_NONNULL = YES;
				CLANG_ANALYZER_NUMBER_OBJECT_CONVERSION = YES_AGGRESSIVE;
				CLANG_CXX_LANGUAGE_STANDARD = "gnu++17";
				CLANG_CXX_LIBRARY = "libc++";
				CLANG_ENABLE_MODULES = YES;
				CLANG_ENABLE_OBJC_ARC = YES;
				CLANG_ENABLE_OBJC_WEAK = YES;
				CLANG_WARN_BLOCK_CAPTURE_AUTORELEASING = YES;
				CLANG_WARN_BOOL_CONVERSION = YES;
				CLANG_WARN_COMMA = YES;
				CLANG_WARN_CONSTANT_CONVERSION = YES;
				CLANG_WARN_DEPRECATED_OBJC_IMPLEMENTATIONS = YES;
				CLANG_WARN_DIRECT_OBJC_ISA_USAGE = YES_ERROR;
				CLANG_WARN_DOCUMENTATION_COMMENTS = YES;
				CLANG_WARN_EMPTY_BODY = YES;
				CLANG_WARN_ENUM_CONVERSION = YES;
				CLANG_WARN_INFINITE_RECURSION = YES;
				CLANG_WARN_INT_CONVERSION = YES;
				CLANG_WARN_NON_LITERAL_NULL_CONVERSION = YES;
				CLANG_WARN_OBJC_IMPLICIT_RETAIN_SELF = YES;
				CLANG_WARN_OBJC_LITERAL_CONVERSION = YES;
				CLANG_WARN_OBJC_ROOT_CLASS = YES_ERROR;
				CLANG_WARN_QUOTED_INCLUDE_IN_FRAMEWORK_HEADER = YES;
				CLANG_WARN_RANGE_LOOP_ANALYSIS = YES;
				CLANG_WARN_STRICT_PROTOTYPES = YES;
				CLANG_WARN_SUSPICIOUS_MOVE = YES;
				CLANG_WARN_UNGUARDED_AVAILABILITY = YES_AGGRESSIVE;
				CLANG_WARN_UNREACHABLE_CODE = YES;
				CLANG_WARN__DUPLICATE_METHOD_MATCH = YES;
				COPY_PHASE_STRIP = NO;
				DEBUG_INFORMATION_FORMAT = dwarf;
				ENABLE_STRICT_OBJC_MSGSEND = YES;
				ENABLE_TESTABILITY = YES;
				GCC_C_LANGUAGE_STANDARD = gnu11;
				GCC_DYNAMIC_NO_PIC = NO;
				GCC_NO_COMMON_BLOCKS = YES;
				GCC_OPTIMIZATION_LEVEL = 0;
				GCC_PREPROCESSOR_DEFINITIONS = (
					"DEBUG=1",
					"$(inherited)",
				);
				GCC_WARN_64_TO_32_BIT_CONVERSION = YES;
				GCC_WARN_ABOUT_RETURN_TYPE = YES_ERROR;
				GCC_WARN_UNDECLARED_SELECTOR = YES;
				GCC_WARN_UNINITIALIZED_AUTOS = YES_AGGRESSIVE;
				GCC_WARN_UNUSED_FUNCTION = YES;
				GCC_WARN_UNUSED_VARIABLE = YES;
				IPHONEOS_DEPLOYMENT_TARGET = 15.2;
				MTL_ENABLE_DEBUG_INFO = INCLUDE_SOURCE;
				MTL_FAST_MATH = YES;
				ONLY_ACTIVE_ARCH = YES;
				SDKROOT = iphoneos;
				SWIFT_ACTIVE_COMPILATION_CONDITIONS = DEBUG;
				SWIFT_OPTIMIZATION_LEVEL = "-Onone";
			};
			name = Debug;
		};
		5B61870627A6EA15007E8B22 /* Release */ = {
			isa = XCBuildConfiguration;
			buildSettings = {
				ALWAYS_SEARCH_USER_PATHS = NO;
				CLANG_ANALYZER_NONNULL = YES;
				CLANG_ANALYZER_NUMBER_OBJECT_CONVERSION = YES_AGGRESSIVE;
				CLANG_CXX_LANGUAGE_STANDARD = "gnu++17";
				CLANG_CXX_LIBRARY = "libc++";
				CLANG_ENABLE_MODULES = YES;
				CLANG_ENABLE_OBJC_ARC = YES;
				CLANG_ENABLE_OBJC_WEAK = YES;
				CLANG_WARN_BLOCK_CAPTURE_AUTORELEASING = YES;
				CLANG_WARN_BOOL_CONVERSION = YES;
				CLANG_WARN_COMMA = YES;
				CLANG_WARN_CONSTANT_CONVERSION = YES;
				CLANG_WARN_DEPRECATED_OBJC_IMPLEMENTATIONS = YES;
				CLANG_WARN_DIRECT_OBJC_ISA_USAGE = YES_ERROR;
				CLANG_WARN_DOCUMENTATION_COMMENTS = YES;
				CLANG_WARN_EMPTY_BODY = YES;
				CLANG_WARN_ENUM_CONVERSION = YES;
				CLANG_WARN_INFINITE_RECURSION = YES;
				CLANG_WARN_INT_CONVERSION = YES;
				CLANG_WARN_NON_LITERAL_NULL_CONVERSION = YES;
				CLANG_WARN_OBJC_IMPLICIT_RETAIN_SELF = YES;
				CLANG_WARN_OBJC_LITERAL_CONVERSION = YES;
				CLANG_WARN_OBJC_ROOT_CLASS = YES_ERROR;
				CLANG_WARN_QUOTED_INCLUDE_IN_FRAMEWORK_HEADER = YES;
				CLANG_WARN_RANGE_LOOP_ANALYSIS = YES;
				CLANG_WARN_STRICT_PROTOTYPES = YES;
				CLANG_WARN_SUSPICIOUS_MOVE = YES;
				CLANG_WARN_UNGUARDED_AVAILABILITY = YES_AGGRESSIVE;
				CLANG_WARN_UNREACHABLE_CODE = YES;
				CLANG_WARN__DUPLICATE_METHOD_MATCH = YES;
				COPY_PHASE_STRIP = NO;
				DEBUG_INFORMATION_FORMAT = "dwarf-with-dsym";
				ENABLE_NS_ASSERTIONS = NO;
				ENABLE_STRICT_OBJC_MSGSEND = YES;
				GCC_C_LANGUAGE_STANDARD = gnu11;
				GCC_NO_COMMON_BLOCKS = YES;
				GCC_WARN_64_TO_32_BIT_CONVERSION = YES;
				GCC_WARN_ABOUT_RETURN_TYPE = YES_ERROR;
				GCC_WARN_UNDECLARED_SELECTOR = YES;
				GCC_WARN_UNINITIALIZED_AUTOS = YES_AGGRESSIVE;
				GCC_WARN_UNUSED_FUNCTION = YES;
				GCC_WARN_UNUSED_VARIABLE = YES;
				IPHONEOS_DEPLOYMENT_TARGET = 15.2;
				MTL_ENABLE_DEBUG_INFO = NO;
				MTL_FAST_MATH = YES;
				SDKROOT = iphoneos;
				SWIFT_COMPILATION_MODE = wholemodule;
				SWIFT_OPTIMIZATION_LEVEL = "-O";
				VALIDATE_PRODUCT = YES;
			};
			name = Release;
		};
		5B61870827A6EA15007E8B22 /* Debug */ = {
			isa = XCBuildConfiguration;
			buildSettings = {
				ASSETCATALOG_COMPILER_APPICON_NAME = AppIcon;
				ASSETCATALOG_COMPILER_GLOBAL_ACCENT_COLOR_NAME = AccentColor;
				CODE_SIGN_STYLE = Automatic;
				CURRENT_PROJECT_VERSION = 1;
				DEVELOPMENT_TEAM = GTWUX2NLLN;
				GENERATE_INFOPLIST_FILE = YES;
				INFOPLIST_FILE = TSD_lesson7/Info.plist;
				INFOPLIST_KEY_UIApplicationSupportsIndirectInputEvents = YES;
				INFOPLIST_KEY_UILaunchStoryboardName = LaunchScreen;
				INFOPLIST_KEY_UIMainStoryboardFile = Main;
				INFOPLIST_KEY_UISupportedInterfaceOrientations_iPad = "UIInterfaceOrientationPortrait UIInterfaceOrientationPortraitUpsideDown UIInterfaceOrientationLandscapeLeft UIInterfaceOrientationLandscapeRight";
				INFOPLIST_KEY_UISupportedInterfaceOrientations_iPhone = "UIInterfaceOrientationPortrait UIInterfaceOrientationLandscapeLeft UIInterfaceOrientationLandscapeRight";
				LD_RUNPATH_SEARCH_PATHS = (
					"$(inherited)",
					"@executable_path/Frameworks",
				);
				MARKETING_VERSION = 1.0;
				PRODUCT_BUNDLE_IDENTIFIER = "com.angolov.TSD-lesson7";
				PRODUCT_NAME = "$(TARGET_NAME)";
				SWIFT_EMIT_LOC_STRINGS = YES;
				SWIFT_VERSION = 5.0;
				TARGETED_DEVICE_FAMILY = "1,2";
			};
			name = Debug;
		};
		5B61870927A6EA15007E8B22 /* Release */ = {
			isa = XCBuildConfiguration;
			buildSettings = {
				ASSETCATALOG_COMPILER_APPICON_NAME = AppIcon;
				ASSETCATALOG_COMPILER_GLOBAL_ACCENT_COLOR_NAME = AccentColor;
				CODE_SIGN_STYLE = Automatic;
				CURRENT_PROJECT_VERSION = 1;
				DEVELOPMENT_TEAM = GTWUX2NLLN;
				GENERATE_INFOPLIST_FILE = YES;
				INFOPLIST_FILE = TSD_lesson7/Info.plist;
				INFOPLIST_KEY_UIApplicationSupportsIndirectInputEvents = YES;
				INFOPLIST_KEY_UILaunchStoryboardName = LaunchScreen;
				INFOPLIST_KEY_UIMainStoryboardFile = Main;
				INFOPLIST_KEY_UISupportedInterfaceOrientations_iPad = "UIInterfaceOrientationPortrait UIInterfaceOrientationPortraitUpsideDown UIInterfaceOrientationLandscapeLeft UIInterfaceOrientationLandscapeRight";
				INFOPLIST_KEY_UISupportedInterfaceOrientations_iPhone = "UIInterfaceOrientationPortrait UIInterfaceOrientationLandscapeLeft UIInterfaceOrientationLandscapeRight";
				LD_RUNPATH_SEARCH_PATHS = (
					"$(inherited)",
					"@executable_path/Frameworks",
				);
				MARKETING_VERSION = 1.0;
				PRODUCT_BUNDLE_IDENTIFIER = "com.angolov.TSD-lesson7";
				PRODUCT_NAME = "$(TARGET_NAME)";
				SWIFT_EMIT_LOC_STRINGS = YES;
				SWIFT_VERSION = 5.0;
				TARGETED_DEVICE_FAMILY = "1,2";
			};
			name = Release;
		};
/* End XCBuildConfiguration section */

/* Begin XCConfigurationList section */
		5B6186EE27A6EA14007E8B22 /* Build configuration list for PBXProject "TSD_lesson7" */ = {
			isa = XCConfigurationList;
			buildConfigurations = (
				5B61870527A6EA15007E8B22 /* Debug */,
				5B61870627A6EA15007E8B22 /* Release */,
			);
			defaultConfigurationIsVisible = 0;
			defaultConfigurationName = Release;
		};
		5B61870727A6EA15007E8B22 /* Build configuration list for PBXNativeTarget "TSD_lesson7" */ = {
			isa = XCConfigurationList;
			buildConfigurations = (
				5B61870827A6EA15007E8B22 /* Debug */,
				5B61870927A6EA15007E8B22 /* Release */,
			);
			defaultConfigurationIsVisible = 0;
			defaultConfigurationName = Release;
		};
/* End XCConfigurationList section */
	};
	rootObject = 5B6186EB27A6EA14007E8B22 /* Project object */;
}
